
Microsoft Visual Studio Solution File, Format Version 12.00
# Visual Studio 2013
VisualStudioVersion = 12.0.31101.0
MinimumVisualStudioVersion = 10.0.40219.1
Project("{FAE04EC0-301F-11D3-BF4B-00C04F79EFBC}") = "BluetoothBearDemo", "BluetoothBearDemo\BluetoothBearDemo\BluetoothBearDemo.csproj", "{B620FC6D-6A03-4B83-B7DB-E0FE8E18592C}"
EndProject
Project("{FAE04EC0-301F-11D3-BF4B-00C04F79EFBC}") = "BluetoothBearDemo.iOS", "BluetoothBearDemo\BluetoothBearDemo.iOS\BluetoothBearDemo.iOS.csproj", "{9C156771-2F29-447A-AE02-5DD0175099DC}"
EndProject
Project("{FAE04EC0-301F-11D3-BF4B-00C04F79EFBC}") = "BluetoothBearDemo.Droid", "BluetoothBearDemo\BluetoothBearDemo.Droid\BluetoothBearDemo.Droid.csproj", "{089C6F98-3E5A-44E5-877A-7371D5681F8A}"
EndProject
Project("{FAE04EC0-301F-11D3-BF4B-00C04F79EFBC}") = "BluetoothBearDemo.WinPhone", "BluetoothBearDemo\BluetoothBearDemo.WinPhone\BluetoothBearDemo.WinPhone.csproj", "{DB46A706-8381-49F0-928A-8AB11752513C}"
EndProject
Global
	GlobalSection(SolutionConfigurationPlatforms) = preSolution
		Ad-Hoc|Any CPU = Ad-Hoc|Any CPU
		Ad-Hoc|ARM = Ad-Hoc|ARM
		Ad-Hoc|iPhone = Ad-Hoc|iPhone
		Ad-Hoc|iPhoneSimulator = Ad-Hoc|iPhoneSimulator
		Ad-Hoc|Mixed Platforms = Ad-Hoc|Mixed Platforms
		Ad-Hoc|x86 = Ad-Hoc|x86
		AppStore|Any CPU = AppStore|Any CPU
		AppStore|ARM = AppStore|ARM
		AppStore|iPhone = AppStore|iPhone
		AppStore|iPhoneSimulator = AppStore|iPhoneSimulator
		AppStore|Mixed Platforms = AppStore|Mixed Platforms
		AppStore|x86 = AppStore|x86
		Debug|Any CPU = Debug|Any CPU
		Debug|ARM = Debug|ARM
		Debug|iPhone = Debug|iPhone
		Debug|iPhoneSimulator = Debug|iPhoneSimulator
		Debug|Mixed Platforms = Debug|Mixed Platforms
		Debug|x86 = Debug|x86
		Release|Any CPU = Release|Any CPU
		Release|ARM = Release|ARM
		Release|iPhone = Release|iPhone
		Release|iPhoneSimulator = Release|iPhoneSimulator
		Release|Mixed Platforms = Release|Mixed Platforms
		Release|x86 = Release|x86
	EndGlobalSection
	GlobalSection(ProjectConfigurationPlatforms) = postSolution
		{B620FC6D-6A03-4B83-B7DB-E0FE8E18592C}.Ad-Hoc|Any CPU.ActiveCfg = Release|Any CPU
		{B620FC6D-6A03-4B83-B7DB-E0FE8E18592C}.Ad-Hoc|Any CPU.Build.0 = Release|Any CPU
		{B620FC6D-6A03-4B83-B7DB-E0FE8E18592C}.Ad-Hoc|ARM.ActiveCfg = Release|Any CPU
		{B620FC6D-6A03-4B83-B7DB-E0FE8E18592C}.Ad-Hoc|iPhone.ActiveCfg = Release|Any CPU
		{B620FC6D-6A03-4B83-B7DB-E0FE8E18592C}.Ad-Hoc|iPhoneSimulator.ActiveCfg = Release|Any CPU
		{B620FC6D-6A03-4B83-B7DB-E0FE8E18592C}.Ad-Hoc|Mixed Platforms.ActiveCfg = Release|Any CPU
		{B620FC6D-6A03-4B83-B7DB-E0FE8E18592C}.Ad-Hoc|Mixed Platforms.Build.0 = Release|Any CPU
		{B620FC6D-6A03-4B83-B7DB-E0FE8E18592C}.Ad-Hoc|x86.ActiveCfg = Release|Any CPU
		{B620FC6D-6A03-4B83-B7DB-E0FE8E18592C}.AppStore|Any CPU.ActiveCfg = Release|Any CPU
		{B620FC6D-6A03-4B83-B7DB-E0FE8E18592C}.AppStore|Any CPU.Build.0 = Release|Any CPU
		{B620FC6D-6A03-4B83-B7DB-E0FE8E18592C}.AppStore|ARM.ActiveCfg = Release|Any CPU
		{B620FC6D-6A03-4B83-B7DB-E0FE8E18592C}.AppStore|iPhone.ActiveCfg = Release|Any CPU
		{B620FC6D-6A03-4B83-B7DB-E0FE8E18592C}.AppStore|iPhoneSimulator.ActiveCfg = Release|Any CPU
		{B620FC6D-6A03-4B83-B7DB-E0FE8E18592C}.AppStore|Mixed Platforms.ActiveCfg = Release|Any CPU
		{B620FC6D-6A03-4B83-B7DB-E0FE8E18592C}.AppStore|Mixed Platforms.Build.0 = Release|Any CPU
		{B620FC6D-6A03-4B83-B7DB-E0FE8E18592C}.AppStore|x86.ActiveCfg = Release|Any CPU
		{B620FC6D-6A03-4B83-B7DB-E0FE8E18592C}.Debug|Any CPU.ActiveCfg = Debug|Any CPU
		{B620FC6D-6A03-4B83-B7DB-E0FE8E18592C}.Debug|Any CPU.Build.0 = Debug|Any CPU
		{B620FC6D-6A03-4B83-B7DB-E0FE8E18592C}.Debug|ARM.ActiveCfg = Debug|Any CPU
		{B620FC6D-6A03-4B83-B7DB-E0FE8E18592C}.Debug|iPhone.ActiveCfg = Debug|Any CPU
		{B620FC6D-6A03-4B83-B7DB-E0FE8E18592C}.Debug|iPhone.Build.0 = Debug|Any CPU
		{B620FC6D-6A03-4B83-B7DB-E0FE8E18592C}.Debug|iPhoneSimulator.ActiveCfg = Debug|Any CPU
		{B620FC6D-6A03-4B83-B7DB-E0FE8E18592C}.Debug|Mixed Platforms.ActiveCfg = Debug|Any CPU
		{B620FC6D-6A03-4B83-B7DB-E0FE8E18592C}.Debug|Mixed Platforms.Build.0 = Debug|Any CPU
		{B620FC6D-6A03-4B83-B7DB-E0FE8E18592C}.Debug|x86.ActiveCfg = Debug|Any CPU
		{B620FC6D-6A03-4B83-B7DB-E0FE8E18592C}.Release|Any CPU.ActiveCfg = Release|Any CPU
		{B620FC6D-6A03-4B83-B7DB-E0FE8E18592C}.Release|Any CPU.Build.0 = Release|Any CPU
		{B620FC6D-6A03-4B83-B7DB-E0FE8E18592C}.Release|ARM.ActiveCfg = Release|Any CPU
		{B620FC6D-6A03-4B83-B7DB-E0FE8E18592C}.Release|iPhone.ActiveCfg = Release|Any CPU
		{B620FC6D-6A03-4B83-B7DB-E0FE8E18592C}.Release|iPhone.Build.0 = Release|Any CPU
		{B620FC6D-6A03-4B83-B7DB-E0FE8E18592C}.Release|iPhoneSimulator.ActiveCfg = Release|Any CPU
		{B620FC6D-6A03-4B83-B7DB-E0FE8E18592C}.Release|Mixed Platforms.ActiveCfg = Release|Any CPU
		{B620FC6D-6A03-4B83-B7DB-E0FE8E18592C}.Release|Mixed Platforms.Build.0 = Release|Any CPU
		{B620FC6D-6A03-4B83-B7DB-E0FE8E18592C}.Release|x86.ActiveCfg = Release|Any CPU
		{9C156771-2F29-447A-AE02-5DD0175099DC}.Ad-Hoc|Any CPU.ActiveCfg = Ad-Hoc|iPhone
		{9C156771-2F29-447A-AE02-5DD0175099DC}.Ad-Hoc|ARM.ActiveCfg = Ad-Hoc|iPhone
		{9C156771-2F29-447A-AE02-5DD0175099DC}.Ad-Hoc|iPhone.ActiveCfg = Ad-Hoc|iPhone
		{9C156771-2F29-447A-AE02-5DD0175099DC}.Ad-Hoc|iPhone.Build.0 = Ad-Hoc|iPhone
		{9C156771-2F29-447A-AE02-5DD0175099DC}.Ad-Hoc|iPhoneSimulator.ActiveCfg = Ad-Hoc|iPhoneSimulator
		{9C156771-2F29-447A-AE02-5DD0175099DC}.Ad-Hoc|iPhoneSimulator.Build.0 = Ad-Hoc|iPhoneSimulator
		{9C156771-2F29-447A-AE02-5DD0175099DC}.Ad-Hoc|Mixed Platforms.ActiveCfg = Ad-Hoc|iPhone
		{9C156771-2F29-447A-AE02-5DD0175099DC}.Ad-Hoc|Mixed Platforms.Build.0 = Ad-Hoc|iPhone
		{9C156771-2F29-447A-AE02-5DD0175099DC}.Ad-Hoc|x86.ActiveCfg = Ad-Hoc|iPhone
		{9C156771-2F29-447A-AE02-5DD0175099DC}.AppStore|Any CPU.ActiveCfg = AppStore|iPhone
		{9C156771-2F29-447A-AE02-5DD0175099DC}.AppStore|ARM.ActiveCfg = AppStore|iPhone
		{9C156771-2F29-447A-AE02-5DD0175099DC}.AppStore|iPhone.ActiveCfg = AppStore|iPhone
		{9C156771-2F29-447A-AE02-5DD0175099DC}.AppStore|iPhone.Build.0 = AppStore|iPhone
		{9C156771-2F29-447A-AE02-5DD0175099DC}.AppStore|iPhoneSimulator.ActiveCfg = AppStore|iPhoneSimulator
		{9C156771-2F29-447A-AE02-5DD0175099DC}.AppStore|iPhoneSimulator.Build.0 = AppStore|iPhoneSimulator
		{9C156771-2F29-447A-AE02-5DD0175099DC}.AppStore|Mixed Platforms.ActiveCfg = AppStore|iPhone
		{9C156771-2F29-447A-AE02-5DD0175099DC}.AppStore|Mixed Platforms.Build.0 = AppStore|iPhone
		{9C156771-2F29-447A-AE02-5DD0175099DC}.AppStore|x86.ActiveCfg = AppStore|iPhone
		{9C156771-2F29-447A-AE02-5DD0175099DC}.Debug|Any CPU.ActiveCfg = Debug|iPhone
		{9C156771-2F29-447A-AE02-5DD0175099DC}.Debug|ARM.ActiveCfg = Debug|iPhone
		{9C156771-2F29-447A-AE02-5DD0175099DC}.Debug|iPhone.ActiveCfg = Debug|iPhone
		{9C156771-2F29-447A-AE02-5DD0175099DC}.Debug|iPhone.Build.0 = Debug|iPhone
		{9C156771-2F29-447A-AE02-5DD0175099DC}.Debug|iPhoneSimulator.ActiveCfg = Debug|iPhoneSimulator
		{9C156771-2F29-447A-AE02-5DD0175099DC}.Debug|iPhoneSimulator.Build.0 = Debug|iPhoneSimulator
		{9C156771-2F29-447A-AE02-5DD0175099DC}.Debug|Mixed Platforms.ActiveCfg = Debug|iPhone
		{9C156771-2F29-447A-AE02-5DD0175099DC}.Debug|Mixed Platforms.Build.0 = Debug|iPhone
		{9C156771-2F29-447A-AE02-5DD0175099DC}.Debug|x86.ActiveCfg = Debug|iPhone
		{9C156771-2F29-447A-AE02-5DD0175099DC}.Release|Any CPU.ActiveCfg = Release|iPhone
		{9C156771-2F29-447A-AE02-5DD0175099DC}.Release|ARM.ActiveCfg = Release|iPhone
		{9C156771-2F29-447A-AE02-5DD0175099DC}.Release|iPhone.ActiveCfg = Release|iPhone
		{9C156771-2F29-447A-AE02-5DD0175099DC}.Release|iPhone.Build.0 = Release|iPhone
		{9C156771-2F29-447A-AE02-5DD0175099DC}.Release|iPhoneSimulator.ActiveCfg = Release|iPhoneSimulator
		{9C156771-2F29-447A-AE02-5DD0175099DC}.Release|iPhoneSimulator.Build.0 = Release|iPhoneSimulator
		{9C156771-2F29-447A-AE02-5DD0175099DC}.Release|Mixed Platforms.ActiveCfg = Release|iPhone
		{9C156771-2F29-447A-AE02-5DD0175099DC}.Release|Mixed Platforms.Build.0 = Release|iPhone
		{9C156771-2F29-447A-AE02-5DD0175099DC}.Release|x86.ActiveCfg = Release|iPhone
		{089C6F98-3E5A-44E5-877A-7371D5681F8A}.Ad-Hoc|Any CPU.ActiveCfg = Release|Any CPU
		{089C6F98-3E5A-44E5-877A-7371D5681F8A}.Ad-Hoc|Any CPU.Build.0 = Release|Any CPU
		{089C6F98-3E5A-44E5-877A-7371D5681F8A}.Ad-Hoc|Any CPU.Deploy.0 = Release|Any CPU
		{089C6F98-3E5A-44E5-877A-7371D5681F8A}.Ad-Hoc|ARM.ActiveCfg = Release|Any CPU
		{089C6F98-3E5A-44E5-877A-7371D5681F8A}.Ad-Hoc|iPhone.ActiveCfg = Release|Any CPU
		{089C6F98-3E5A-44E5-877A-7371D5681F8A}.Ad-Hoc|iPhoneSimulator.ActiveCfg = Release|Any CPU
		{089C6F98-3E5A-44E5-877A-7371D5681F8A}.Ad-Hoc|Mixed Platforms.ActiveCfg = Release|Any CPU
		{089C6F98-3E5A-44E5-877A-7371D5681F8A}.Ad-Hoc|Mixed Platforms.Build.0 = Release|Any CPU
		{089C6F98-3E5A-44E5-877A-7371D5681F8A}.Ad-Hoc|Mixed Platforms.Deploy.0 = Release|Any CPU
		{089C6F98-3E5A-44E5-877A-7371D5681F8A}.Ad-Hoc|x86.ActiveCfg = Release|Any CPU
		{089C6F98-3E5A-44E5-877A-7371D5681F8A}.AppStore|Any CPU.ActiveCfg = Release|Any CPU
		{089C6F98-3E5A-44E5-877A-7371D5681F8A}.AppStore|Any CPU.Build.0 = Release|Any CPU
		{089C6F98-3E5A-44E5-877A-7371D5681F8A}.AppStore|Any CPU.Deploy.0 = Release|Any CPU
		{089C6F98-3E5A-44E5-877A-7371D5681F8A}.AppStore|ARM.ActiveCfg = Release|Any CPU
		{089C6F98-3E5A-44E5-877A-7371D5681F8A}.AppStore|iPhone.ActiveCfg = Release|Any CPU
		{089C6F98-3E5A-44E5-877A-7371D5681F8A}.AppStore|iPhoneSimulator.ActiveCfg = Release|Any CPU
		{089C6F98-3E5A-44E5-877A-7371D5681F8A}.AppStore|Mixed Platforms.ActiveCfg = Release|Any CPU
		{089C6F98-3E5A-44E5-877A-7371D5681F8A}.AppStore|Mixed Platforms.Build.0 = Release|Any CPU
		{089C6F98-3E5A-44E5-877A-7371D5681F8A}.AppStore|Mixed Platforms.Deploy.0 = Release|Any CPU
		{089C6F98-3E5A-44E5-877A-7371D5681F8A}.AppStore|x86.ActiveCfg = Release|Any CPU
		{089C6F98-3E5A-44E5-877A-7371D5681F8A}.Debug|Any CPU.ActiveCfg = Debug|Any CPU
		{089C6F98-3E5A-44E5-877A-7371D5681F8A}.Debug|Any CPU.Build.0 = Debug|Any CPU
		{089C6F98-3E5A-44E5-877A-7371D5681F8A}.Debug|Any CPU.Deploy.0 = Debug|Any CPU
		{089C6F98-3E5A-44E5-877A-7371D5681F8A}.Debug|ARM.ActiveCfg = Debug|Any CPU
		{089C6F98-3E5A-44E5-877A-7371D5681F8A}.Debug|iPhone.ActiveCfg = Debug|Any CPU
		{089C6F98-3E5A-44E5-877A-7371D5681F8A}.Debug|iPhoneSimulator.ActiveCfg = Debug|Any CPU
		{089C6F98-3E5A-44E5-877A-7371D5681F8A}.Debug|Mixed Platforms.ActiveCfg = Debug|Any CPU
		{089C6F98-3E5A-44E5-877A-7371D5681F8A}.Debug|Mixed Platforms.Build.0 = Debug|Any CPU
		{089C6F98-3E5A-44E5-877A-7371D5681F8A}.Debug|Mixed Platforms.Deploy.0 = Debug|Any CPU
		{089C6F98-3E5A-44E5-877A-7371D5681F8A}.Debug|x86.ActiveCfg = Debug|Any CPU
		{089C6F98-3E5A-44E5-877A-7371D5681F8A}.Release|Any CPU.ActiveCfg = Release|Any CPU
		{089C6F98-3E5A-44E5-877A-7371D5681F8A}.Release|Any CPU.Build.0 = Release|Any CPU
		{089C6F98-3E5A-44E5-877A-7371D5681F8A}.Release|Any CPU.Deploy.0 = Release|Any CPU
		{089C6F98-3E5A-44E5-877A-7371D5681F8A}.Release|ARM.ActiveCfg = Release|Any CPU
		{089C6F98-3E5A-44E5-877A-7371D5681F8A}.Release|iPhone.ActiveCfg = Release|Any CPU
		{089C6F98-3E5A-44E5-877A-7371D5681F8A}.Release|iPhoneSimulator.ActiveCfg = Release|Any CPU
		{089C6F98-3E5A-44E5-877A-7371D5681F8A}.Release|Mixed Platforms.ActiveCfg = Release|Any CPU
		{089C6F98-3E5A-44E5-877A-7371D5681F8A}.Release|Mixed Platforms.Build.0 = Release|Any CPU
		{089C6F98-3E5A-44E5-877A-7371D5681F8A}.Release|Mixed Platforms.Deploy.0 = Release|Any CPU
		{089C6F98-3E5A-44E5-877A-7371D5681F8A}.Release|x86.ActiveCfg = Release|Any CPU
		{DB46A706-8381-49F0-928A-8AB11752513C}.Ad-Hoc|Any CPU.ActiveCfg = Release|Any CPU
		{DB46A706-8381-49F0-928A-8AB11752513C}.Ad-Hoc|Any CPU.Build.0 = Release|Any CPU
		{DB46A706-8381-49F0-928A-8AB11752513C}.Ad-Hoc|Any CPU.Deploy.0 = Release|Any CPU
		{DB46A706-8381-49F0-928A-8AB11752513C}.Ad-Hoc|ARM.ActiveCfg = Release|ARM
		{DB46A706-8381-49F0-928A-8AB11752513C}.Ad-Hoc|ARM.Build.0 = Release|ARM
		{DB46A706-8381-49F0-928A-8AB11752513C}.Ad-Hoc|ARM.Deploy.0 = Release|ARM
		{DB46A706-8381-49F0-928A-8AB11752513C}.Ad-Hoc|iPhone.ActiveCfg = Release|Any CPU
		{DB46A706-8381-49F0-928A-8AB11752513C}.Ad-Hoc|iPhoneSimulator.ActiveCfg = Release|Any CPU
		{DB46A706-8381-49F0-928A-8AB11752513C}.Ad-Hoc|Mixed Platforms.ActiveCfg = Release|x86
		{DB46A706-8381-49F0-928A-8AB11752513C}.Ad-Hoc|Mixed Platforms.Build.0 = Release|x86
		{DB46A706-8381-49F0-928A-8AB11752513C}.Ad-Hoc|Mixed Platforms.Deploy.0 = Release|x86
		{DB46A706-8381-49F0-928A-8AB11752513C}.Ad-Hoc|x86.ActiveCfg = Release|x86
		{DB46A706-8381-49F0-928A-8AB11752513C}.Ad-Hoc|x86.Build.0 = Release|x86
		{DB46A706-8381-49F0-928A-8AB11752513C}.Ad-Hoc|x86.Deploy.0 = Release|x86
		{DB46A706-8381-49F0-928A-8AB11752513C}.AppStore|Any CPU.ActiveCfg = Release|Any CPU
		{DB46A706-8381-49F0-928A-8AB11752513C}.AppStore|Any CPU.Build.0 = Release|Any CPU
		{DB46A706-8381-49F0-928A-8AB11752513C}.AppStore|Any CPU.Deploy.0 = Release|Any CPU
		{DB46A706-8381-49F0-928A-8AB11752513C}.AppStore|ARM.ActiveCfg = Release|ARM
		{DB46A706-8381-49F0-928A-8AB11752513C}.AppStore|ARM.Build.0 = Release|ARM
		{DB46A706-8381-49F0-928A-8AB11752513C}.AppStore|ARM.Deploy.0 = Release|ARM
		{DB46A706-8381-49F0-928A-8AB11752513C}.AppStore|iPhone.ActiveCfg = Release|Any CPU
		{DB46A706-8381-49F0-928A-8AB11752513C}.AppStore|iPhoneSimulator.ActiveCfg = Release|Any CPU
		{DB46A706-8381-49F0-928A-8AB11752513C}.AppStore|Mixed Platforms.ActiveCfg = Release|x86
		{DB46A706-8381-49F0-928A-8AB11752513C}.AppStore|Mixed Platforms.Build.0 = Release|x86
		{DB46A706-8381-49F0-928A-8AB11752513C}.AppStore|Mixed Platforms.Deploy.0 = Release|x86
		{DB46A706-8381-49F0-928A-8AB11752513C}.AppStore|x86.ActiveCfg = Release|x86
		{DB46A706-8381-49F0-928A-8AB11752513C}.AppStore|x86.Build.0 = Release|x86
		{DB46A706-8381-49F0-928A-8AB11752513C}.AppStore|x86.Deploy.0 = Release|x86
		{DB46A706-8381-49F0-928A-8AB11752513C}.Debug|Any CPU.ActiveCfg = Debug|Any CPU
		{DB46A706-8381-49F0-928A-8AB11752513C}.Debug|Any CPU.Build.0 = Debug|Any CPU
		{DB46A706-8381-49F0-928A-8AB11752513C}.Debug|Any CPU.Deploy.0 = Debug|Any CPU
		{DB46A706-8381-49F0-928A-8AB11752513C}.Debug|ARM.ActiveCfg = Debug|ARM
		{DB46A706-8381-49F0-928A-8AB11752513C}.Debug|ARM.Build.0 = Debug|ARM
		{DB46A706-8381-49F0-928A-8AB11752513C}.Debug|ARM.Deploy.0 = Debug|ARM
		{DB46A706-8381-49F0-928A-8AB11752513C}.Debug|iPhone.ActiveCfg = Debug|Any CPU
		{DB46A706-8381-49F0-928A-8AB11752513C}.Debug|iPhoneSimulator.ActiveCfg = Debug|Any CPU
		{DB46A706-8381-49F0-928A-8AB11752513C}.Debug|Mixed Platforms.ActiveCfg = Debug|x86
		{DB46A706-8381-49F0-928A-8AB11752513C}.Debug|Mixed Platforms.Build.0 = Debug|x86
		{DB46A706-8381-49F0-928A-8AB11752513C}.Debug|Mixed Platforms.Deploy.0 = Debug|x86
		{DB46A706-8381-49F0-928A-8AB11752513C}.Debug|x86.ActiveCfg = Debug|x86
		{DB46A706-8381-49F0-928A-8AB11752513C}.Debug|x86.Build.0 = Debug|x86
		{DB46A706-8381-49F0-928A-8AB11752513C}.Debug|x86.Deploy.0 = Debug|x86
		{DB46A706-8381-49F0-928A-8AB11752513C}.Release|Any CPU.ActiveCfg = Release|Any CPU
		{DB46A706-8381-49F0-928A-8AB11752513C}.Release|Any CPU.Build.0 = Release|Any CPU
		{DB46A706-8381-49F0-928A-8AB11752513C}.Release|Any CPU.Deploy.0 = Release|Any CPU
		{DB46A706-8381-49F0-928A-8AB11752513C}.Release|ARM.ActiveCfg = Release|ARM
		{DB46A706-8381-49F0-928A-8AB11752513C}.Release|ARM.Build.0 = Release|ARM
		{DB46A706-8381-49F0-928A-8AB11752513C}.Release|ARM.Deploy.0 = Release|ARM
		{DB46A706-8381-49F0-928A-8AB11752513C}.Release|iPhone.ActiveCfg = Release|Any CPU
		{DB46A706-8381-49F0-928A-8AB11752513C}.Release|iPhoneSimulator.ActiveCfg = Release|Any CPU
		{DB46A706-8381-49F0-928A-8AB11752513C}.Release|Mixed Platforms.ActiveCfg = Release|x86
		{DB46A706-8381-49F0-928A-8AB11752513C}.Release|Mixed Platforms.Build.0 = Release|x86
		{DB46A706-8381-49F0-928A-8AB11752513C}.Release|Mixed Platforms.Deploy.0 = Release|x86
		{DB46A706-8381-49F0-928A-8AB11752513C}.Release|x86.ActiveCfg = Release|x86
		{DB46A706-8381-49F0-928A-8AB11752513C}.Release|x86.Build.0 = Release|x86
		{DB46A706-8381-49F0-928A-8AB11752513C}.Release|x86.Deploy.0 = Release|x86
	EndGlobalSection
	GlobalSection(SolutionProperties) = preSolution
		HideSolutionNode = FALSE
	EndGlobalSection
EndGlobal
